{
  "pins" : [
    {
      "identity" : "jpeg",
      "kind" : "remoteSourceControl",
      "location" : "https://github.com/stackotter/jpeg",
      "state" : {
        "revision" : "a27e47f49479993b2541bc5f5c95d9354ed567a0",
        "version" : "1.0.2"
      }
    },
    {
      "identity" : "libpng",
      "kind" : "remoteSourceControl",
      "location" : "https://github.com/the-swift-collective/libpng",
      "state" : {
        "revision" : "0eff23aca92a086b7892831f5cb4f58e15be9449",
        "version" : "1.6.45"
      }
    },
    {
      "identity" : "swift-libwebp",
      "kind" : "remoteSourceControl",
      "location" : "https://github.com/stackotter/swift-libwebp",
      "state" : {
        "revision" : "61dc3787c764022ad2f5ab4f9994a569afe86f9f",
        "version" : "0.2.0"
      }
    },
    {
      "identity" : "zlib",
      "kind" : "remoteSourceControl",
      "location" : "https://github.com/the-swift-collective/zlib.git",
      "state" : {
        "revision" : "f35d438c14187cb369dfd82603c3427dc66fbed5",
        "version" : "1.3.1"
      }
    }
  ],
  "version" : 2
}
